
Microsoft Visual Studio Solution File, Format Version 12.00
# Visual Studio Version 16
VisualStudioVersion = 16.0.31911.196
MinimumVisualStudioVersion = 10.0.40219.1
Project("{FAE04EC0-301F-11D3-BF4B-00C04F79EFBC}") = "Kantor_WebAPI", "Kantor_WebAPI\Kantor_WebAPI.csproj", "{C43980C1-04B9-469E-83EA-EA5ADE4361FF}"
EndProject
Global
	GlobalSection(SolutionConfigurationPlatforms) = preSolution
		Debug|Any CPU = Debug|Any CPU
		Release|Any CPU = Release|Any CPU
	EndGlobalSection
	GlobalSection(ProjectConfigurationPlatforms) = postSolution
		{C43980C1-04B9-469E-83EA-EA5ADE4361FF}.Debug|Any CPU.ActiveCfg = Debug|Any CPU
		{C43980C1-04B9-469E-83EA-EA5ADE4361FF}.Debug|Any CPU.Build.0 = Debug|Any CPU
		{C43980C1-04B9-469E-83EA-EA5ADE4361FF}.Release|Any CPU.ActiveCfg = Release|Any CPU
		{C43980C1-04B9-469E-83EA-EA5ADE4361FF}.Release|Any CPU.Build.0 = Release|Any CPU
	EndGlobalSection
	GlobalSection(SolutionProperties) = preSolution
		HideSolutionNode = FALSE
	EndGlobalSection
	GlobalSection(ExtensibilityGlobals) = postSolution
		SolutionGuid = {746FF6BB-E5A4-46FD-9C8A-A716EA8D39BB}
	EndGlobalSection
EndGlobal
